
Microsoft Visual Studio Solution File, Format Version 12.00
# Visual Studio 15
VisualStudioVersion = 15.0.27004.2006
MinimumVisualStudioVersion = 10.0.40219.1
Project("{D954291E-2A0B-460D-934E-DC6B0785DB48}") = "EEVblog_Phone_Calulator", "EEVblog Phone Calulator\EEVblog_Phone_Calulator\EEVblog_Phone_Calulator.shproj", "{658504EC-9A40-4584-AA96-E88C71F468C3}"
EndProject
Project("{FAE04EC0-301F-11D3-BF4B-00C04F79EFBC}") = "EEVblog_Phone_Calulator.Android", "EEVblog Phone Calulator\EEVblog_Phone_Calulator.Android\EEVblog_Phone_Calulator.Android.csproj", "{90A2B708-00CC-4260-86BA-7D41A8B45E5B}"
EndProject
Project("{FAE04EC0-301F-11D3-BF4B-00C04F79EFBC}") = "EEVblog_Phone_Calulator.iOS", "EEVblog Phone Calulator\EEVblog_Phone_Calulator.iOS\EEVblog_Phone_Calulator.iOS.csproj", "{9F8B324C-3796-4B9E-939F-0676CF4A1C1F}"
EndProject
Project("{FAE04EC0-301F-11D3-BF4B-00C04F79EFBC}") = "EEVblog_Phone_Calulator.UWP", "EEVblog Phone Calulator\EEVblog_Phone_Calulator.UWP\EEVblog_Phone_Calulator.UWP.csproj", "{0D3A6898-F41A-4A62-AB82-55F793BD97B3}"
EndProject
Global
	GlobalSection(SharedMSBuildProjectFiles) = preSolution
		EEVblog Phone Calulator\EEVblog_Phone_Calulator\EEVblog_Phone_Calulator.projitems*{658504ec-9a40-4584-aa96-e88c71f468c3}*SharedItemsImports = 13
		EEVblog Phone Calulator\EEVblog_Phone_Calulator\EEVblog_Phone_Calulator.projitems*{90a2b708-00cc-4260-86ba-7d41a8b45e5b}*SharedItemsImports = 4
		EEVblog Phone Calulator\EEVblog_Phone_Calulator\EEVblog_Phone_Calulator.projitems*{9f8b324c-3796-4b9e-939f-0676cf4a1c1f}*SharedItemsImports = 4
	EndGlobalSection
	GlobalSection(SolutionConfigurationPlatforms) = preSolution
		Ad-Hoc|Any CPU = Ad-Hoc|Any CPU
		Ad-Hoc|ARM = Ad-Hoc|ARM
		Ad-Hoc|iPhone = Ad-Hoc|iPhone
		Ad-Hoc|iPhoneSimulator = Ad-Hoc|iPhoneSimulator
		Ad-Hoc|x64 = Ad-Hoc|x64
		Ad-Hoc|x86 = Ad-Hoc|x86
		AppStore|Any CPU = AppStore|Any CPU
		AppStore|ARM = AppStore|ARM
		AppStore|iPhone = AppStore|iPhone
		AppStore|iPhoneSimulator = AppStore|iPhoneSimulator
		AppStore|x64 = AppStore|x64
		AppStore|x86 = AppStore|x86
		Debug|Any CPU = Debug|Any CPU
		Debug|ARM = Debug|ARM
		Debug|iPhone = Debug|iPhone
		Debug|iPhoneSimulator = Debug|iPhoneSimulator
		Debug|x64 = Debug|x64
		Debug|x86 = Debug|x86
		Release|Any CPU = Release|Any CPU
		Release|ARM = Release|ARM
		Release|iPhone = Release|iPhone
		Release|iPhoneSimulator = Release|iPhoneSimulator
		Release|x64 = Release|x64
		Release|x86 = Release|x86
	EndGlobalSection
	GlobalSection(ProjectConfigurationPlatforms) = postSolution
		{90A2B708-00CC-4260-86BA-7D41A8B45E5B}.Ad-Hoc|Any CPU.ActiveCfg = Release|Any CPU
		{90A2B708-00CC-4260-86BA-7D41A8B45E5B}.Ad-Hoc|Any CPU.Build.0 = Release|Any CPU
		{90A2B708-00CC-4260-86BA-7D41A8B45E5B}.Ad-Hoc|Any CPU.Deploy.0 = Release|Any CPU
		{90A2B708-00CC-4260-86BA-7D41A8B45E5B}.Ad-Hoc|ARM.ActiveCfg = Release|Any CPU
		{90A2B708-00CC-4260-86BA-7D41A8B45E5B}.Ad-Hoc|ARM.Build.0 = Release|Any CPU
		{90A2B708-00CC-4260-86BA-7D41A8B45E5B}.Ad-Hoc|ARM.Deploy.0 = Release|Any CPU
		{90A2B708-00CC-4260-86BA-7D41A8B45E5B}.Ad-Hoc|iPhone.ActiveCfg = Release|Any CPU
		{90A2B708-00CC-4260-86BA-7D41A8B45E5B}.Ad-Hoc|iPhone.Build.0 = Release|Any CPU
		{90A2B708-00CC-4260-86BA-7D41A8B45E5B}.Ad-Hoc|iPhone.Deploy.0 = Release|Any CPU
		{90A2B708-00CC-4260-86BA-7D41A8B45E5B}.Ad-Hoc|iPhoneSimulator.ActiveCfg = Release|Any CPU
		{90A2B708-00CC-4260-86BA-7D41A8B45E5B}.Ad-Hoc|iPhoneSimulator.Build.0 = Release|Any CPU
		{90A2B708-00CC-4260-86BA-7D41A8B45E5B}.Ad-Hoc|iPhoneSimulator.Deploy.0 = Release|Any CPU
		{90A2B708-00CC-4260-86BA-7D41A8B45E5B}.Ad-Hoc|x64.ActiveCfg = Release|Any CPU
		{90A2B708-00CC-4260-86BA-7D41A8B45E5B}.Ad-Hoc|x64.Build.0 = Release|Any CPU
		{90A2B708-00CC-4260-86BA-7D41A8B45E5B}.Ad-Hoc|x64.Deploy.0 = Release|Any CPU
		{90A2B708-00CC-4260-86BA-7D41A8B45E5B}.Ad-Hoc|x86.ActiveCfg = Release|Any CPU
		{90A2B708-00CC-4260-86BA-7D41A8B45E5B}.Ad-Hoc|x86.Build.0 = Release|Any CPU
		{90A2B708-00CC-4260-86BA-7D41A8B45E5B}.Ad-Hoc|x86.Deploy.0 = Release|Any CPU
		{90A2B708-00CC-4260-86BA-7D41A8B45E5B}.AppStore|Any CPU.ActiveCfg = Release|Any CPU
		{90A2B708-00CC-4260-86BA-7D41A8B45E5B}.AppStore|Any CPU.Build.0 = Release|Any CPU
		{90A2B708-00CC-4260-86BA-7D41A8B45E5B}.AppStore|Any CPU.Deploy.0 = Release|Any CPU
		{90A2B708-00CC-4260-86BA-7D41A8B45E5B}.AppStore|ARM.ActiveCfg = Release|Any CPU
		{90A2B708-00CC-4260-86BA-7D41A8B45E5B}.AppStore|ARM.Build.0 = Release|Any CPU
		{90A2B708-00CC-4260-86BA-7D41A8B45E5B}.AppStore|ARM.Deploy.0 = Release|Any CPU
		{90A2B708-00CC-4260-86BA-7D41A8B45E5B}.AppStore|iPhone.ActiveCfg = Release|Any CPU
		{90A2B708-00CC-4260-86BA-7D41A8B45E5B}.AppStore|iPhone.Build.0 = Release|Any CPU
		{90A2B708-00CC-4260-86BA-7D41A8B45E5B}.AppStore|iPhone.Deploy.0 = Release|Any CPU
		{90A2B708-00CC-4260-86BA-7D41A8B45E5B}.AppStore|iPhoneSimulator.ActiveCfg = Release|Any CPU
		{90A2B708-00CC-4260-86BA-7D41A8B45E5B}.AppStore|iPhoneSimulator.Build.0 = Release|Any CPU
		{90A2B708-00CC-4260-86BA-7D41A8B45E5B}.AppStore|iPhoneSimulator.Deploy.0 = Release|Any CPU
		{90A2B708-00CC-4260-86BA-7D41A8B45E5B}.AppStore|x64.ActiveCfg = Release|Any CPU
		{90A2B708-00CC-4260-86BA-7D41A8B45E5B}.AppStore|x64.Build.0 = Release|Any CPU
		{90A2B708-00CC-4260-86BA-7D41A8B45E5B}.AppStore|x64.Deploy.0 = Release|Any CPU
		{90A2B708-00CC-4260-86BA-7D41A8B45E5B}.AppStore|x86.ActiveCfg = Release|Any CPU
		{90A2B708-00CC-4260-86BA-7D41A8B45E5B}.AppStore|x86.Build.0 = Release|Any CPU
		{90A2B708-00CC-4260-86BA-7D41A8B45E5B}.AppStore|x86.Deploy.0 = Release|Any CPU
		{90A2B708-00CC-4260-86BA-7D41A8B45E5B}.Debug|Any CPU.ActiveCfg = Debug|Any CPU
		{90A2B708-00CC-4260-86BA-7D41A8B45E5B}.Debug|Any CPU.Build.0 = Debug|Any CPU
		{90A2B708-00CC-4260-86BA-7D41A8B45E5B}.Debug|Any CPU.Deploy.0 = Debug|Any CPU
		{90A2B708-00CC-4260-86BA-7D41A8B45E5B}.Debug|ARM.ActiveCfg = Debug|Any CPU
		{90A2B708-00CC-4260-86BA-7D41A8B45E5B}.Debug|ARM.Build.0 = Debug|Any CPU
		{90A2B708-00CC-4260-86BA-7D41A8B45E5B}.Debug|ARM.Deploy.0 = Debug|Any CPU
		{90A2B708-00CC-4260-86BA-7D41A8B45E5B}.Debug|iPhone.ActiveCfg = Debug|Any CPU
		{90A2B708-00CC-4260-86BA-7D41A8B45E5B}.Debug|iPhone.Build.0 = Debug|Any CPU
		{90A2B708-00CC-4260-86BA-7D41A8B45E5B}.Debug|iPhone.Deploy.0 = Debug|Any CPU
		{90A2B708-00CC-4260-86BA-7D41A8B45E5B}.Debug|iPhoneSimulator.ActiveCfg = Debug|Any CPU
		{90A2B708-00CC-4260-86BA-7D41A8B45E5B}.Debug|iPhoneSimulator.Build.0 = Debug|Any CPU
		{90A2B708-00CC-4260-86BA-7D41A8B45E5B}.Debug|iPhoneSimulator.Deploy.0 = Debug|Any CPU
		{90A2B708-00CC-4260-86BA-7D41A8B45E5B}.Debug|x64.ActiveCfg = Debug|Any CPU
		{90A2B708-00CC-4260-86BA-7D41A8B45E5B}.Debug|x64.Build.0 = Debug|Any CPU
		{90A2B708-00CC-4260-86BA-7D41A8B45E5B}.Debug|x64.Deploy.0 = Debug|Any CPU
		{90A2B708-00CC-4260-86BA-7D41A8B45E5B}.Debug|x86.ActiveCfg = Debug|Any CPU
		{90A2B708-00CC-4260-86BA-7D41A8B45E5B}.Debug|x86.Build.0 = Debug|Any CPU
		{90A2B708-00CC-4260-86BA-7D41A8B45E5B}.Debug|x86.Deploy.0 = Debug|Any CPU
		{90A2B708-00CC-4260-86BA-7D41A8B45E5B}.Release|Any CPU.ActiveCfg = Release|Any CPU
		{90A2B708-00CC-4260-86BA-7D41A8B45E5B}.Release|Any CPU.Build.0 = Release|Any CPU
		{90A2B708-00CC-4260-86BA-7D41A8B45E5B}.Release|Any CPU.Deploy.0 = Release|Any CPU
		{90A2B708-00CC-4260-86BA-7D41A8B45E5B}.Release|ARM.ActiveCfg = Release|Any CPU
		{90A2B708-00CC-4260-86BA-7D41A8B45E5B}.Release|ARM.Build.0 = Release|Any CPU
		{90A2B708-00CC-4260-86BA-7D41A8B45E5B}.Release|ARM.Deploy.0 = Release|Any CPU
		{90A2B708-00CC-4260-86BA-7D41A8B45E5B}.Release|iPhone.ActiveCfg = Release|Any CPU
		{90A2B708-00CC-4260-86BA-7D41A8B45E5B}.Release|iPhone.Build.0 = Release|Any CPU
		{90A2B708-00CC-4260-86BA-7D41A8B45E5B}.Release|iPhone.Deploy.0 = Release|Any CPU
		{90A2B708-00CC-4260-86BA-7D41A8B45E5B}.Release|iPhoneSimulator.ActiveCfg = Release|Any CPU
		{90A2B708-00CC-4260-86BA-7D41A8B45E5B}.Release|iPhoneSimulator.Build.0 = Release|Any CPU
		{90A2B708-00CC-4260-86BA-7D41A8B45E5B}.Release|iPhoneSimulator.Deploy.0 = Release|Any CPU
		{90A2B708-00CC-4260-86BA-7D41A8B45E5B}.Release|x64.ActiveCfg = Release|Any CPU
		{90A2B708-00CC-4260-86BA-7D41A8B45E5B}.Release|x64.Build.0 = Release|Any CPU
		{90A2B708-00CC-4260-86BA-7D41A8B45E5B}.Release|x64.Deploy.0 = Release|Any CPU
		{90A2B708-00CC-4260-86BA-7D41A8B45E5B}.Release|x86.ActiveCfg = Release|Any CPU
		{90A2B708-00CC-4260-86BA-7D41A8B45E5B}.Release|x86.Build.0 = Release|Any CPU
		{90A2B708-00CC-4260-86BA-7D41A8B45E5B}.Release|x86.Deploy.0 = Release|Any CPU
		{9F8B324C-3796-4B9E-939F-0676CF4A1C1F}.Ad-Hoc|Any CPU.ActiveCfg = Ad-Hoc|iPhoneSimulator
		{9F8B324C-3796-4B9E-939F-0676CF4A1C1F}.Ad-Hoc|ARM.ActiveCfg = Ad-Hoc|iPhone
		{9F8B324C-3796-4B9E-939F-0676CF4A1C1F}.Ad-Hoc|iPhone.ActiveCfg = Ad-Hoc|iPhone
		{9F8B324C-3796-4B9E-939F-0676CF4A1C1F}.Ad-Hoc|iPhone.Build.0 = Ad-Hoc|iPhone
		{9F8B324C-3796-4B9E-939F-0676CF4A1C1F}.Ad-Hoc|iPhoneSimulator.ActiveCfg = Ad-Hoc|iPhoneSimulator
		{9F8B324C-3796-4B9E-939F-0676CF4A1C1F}.Ad-Hoc|iPhoneSimulator.Build.0 = Ad-Hoc|iPhoneSimulator
		{9F8B324C-3796-4B9E-939F-0676CF4A1C1F}.Ad-Hoc|x64.ActiveCfg = Ad-Hoc|iPhone
		{9F8B324C-3796-4B9E-939F-0676CF4A1C1F}.Ad-Hoc|x86.ActiveCfg = Ad-Hoc|iPhone
		{9F8B324C-3796-4B9E-939F-0676CF4A1C1F}.AppStore|Any CPU.ActiveCfg = AppStore|iPhoneSimulator
		{9F8B324C-3796-4B9E-939F-0676CF4A1C1F}.AppStore|ARM.ActiveCfg = AppStore|iPhone
		{9F8B324C-3796-4B9E-939F-0676CF4A1C1F}.AppStore|iPhone.ActiveCfg = AppStore|iPhone
		{9F8B324C-3796-4B9E-939F-0676CF4A1C1F}.AppStore|iPhone.Build.0 = AppStore|iPhone
		{9F8B324C-3796-4B9E-939F-0676CF4A1C1F}.AppStore|iPhoneSimulator.ActiveCfg = AppStore|iPhoneSimulator
		{9F8B324C-3796-4B9E-939F-0676CF4A1C1F}.AppStore|iPhoneSimulator.Build.0 = AppStore|iPhoneSimulator
		{9F8B324C-3796-4B9E-939F-0676CF4A1C1F}.AppStore|x64.ActiveCfg = AppStore|iPhone
		{9F8B324C-3796-4B9E-939F-0676CF4A1C1F}.AppStore|x86.ActiveCfg = AppStore|iPhone
		{9F8B324C-3796-4B9E-939F-0676CF4A1C1F}.Debug|Any CPU.ActiveCfg = Debug|iPhoneSimulator
		{9F8B324C-3796-4B9E-939F-0676CF4A1C1F}.Debug|ARM.ActiveCfg = Debug|iPhone
		{9F8B324C-3796-4B9E-939F-0676CF4A1C1F}.Debug|iPhone.ActiveCfg = Debug|iPhone
		{9F8B324C-3796-4B9E-939F-0676CF4A1C1F}.Debug|iPhone.Build.0 = Debug|iPhone
		{9F8B324C-3796-4B9E-939F-0676CF4A1C1F}.Debug|iPhoneSimulator.ActiveCfg = Debug|iPhoneSimulator
		{9F8B324C-3796-4B9E-939F-0676CF4A1C1F}.Debug|iPhoneSimulator.Build.0 = Debug|iPhoneSimulator
		{9F8B324C-3796-4B9E-939F-0676CF4A1C1F}.Debug|x64.ActiveCfg = Debug|iPhone
		{9F8B324C-3796-4B9E-939F-0676CF4A1C1F}.Debug|x86.ActiveCfg = Debug|iPhone
		{9F8B324C-3796-4B9E-939F-0676CF4A1C1F}.Release|Any CPU.ActiveCfg = Release|iPhoneSimulator
		{9F8B324C-3796-4B9E-939F-0676CF4A1C1F}.Release|ARM.ActiveCfg = Release|iPhone
		{9F8B324C-3796-4B9E-939F-0676CF4A1C1F}.Release|iPhone.ActiveCfg = Release|iPhone
		{9F8B324C-3796-4B9E-939F-0676CF4A1C1F}.Release|iPhone.Build.0 = Release|iPhone
		{9F8B324C-3796-4B9E-939F-0676CF4A1C1F}.Release|iPhoneSimulator.ActiveCfg = Release|iPhoneSimulator
		{9F8B324C-3796-4B9E-939F-0676CF4A1C1F}.Release|iPhoneSimulator.Build.0 = Release|iPhoneSimulator
		{9F8B324C-3796-4B9E-939F-0676CF4A1C1F}.Release|x64.ActiveCfg = Release|iPhone
		{9F8B324C-3796-4B9E-939F-0676CF4A1C1F}.Release|x86.ActiveCfg = Release|iPhone
		{0D3A6898-F41A-4A62-AB82-55F793BD97B3}.Ad-Hoc|Any CPU.ActiveCfg = Release|x86
		{0D3A6898-F41A-4A62-AB82-55F793BD97B3}.Ad-Hoc|Any CPU.Build.0 = Release|x86
		{0D3A6898-F41A-4A62-AB82-55F793BD97B3}.Ad-Hoc|Any CPU.Deploy.0 = Release|x86
		{0D3A6898-F41A-4A62-AB82-55F793BD97B3}.Ad-Hoc|ARM.ActiveCfg = Release|ARM
		{0D3A6898-F41A-4A62-AB82-55F793BD97B3}.Ad-Hoc|ARM.Build.0 = Release|ARM
		{0D3A6898-F41A-4A62-AB82-55F793BD97B3}.Ad-Hoc|ARM.Deploy.0 = Release|ARM
		{0D3A6898-F41A-4A62-AB82-55F793BD97B3}.Ad-Hoc|iPhone.ActiveCfg = Release|x86
		{0D3A6898-F41A-4A62-AB82-55F793BD97B3}.Ad-Hoc|iPhone.Build.0 = Release|x86
		{0D3A6898-F41A-4A62-AB82-55F793BD97B3}.Ad-Hoc|iPhone.Deploy.0 = Release|x86
		{0D3A6898-F41A-4A62-AB82-55F793BD97B3}.Ad-Hoc|iPhoneSimulator.ActiveCfg = Release|x86
		{0D3A6898-F41A-4A62-AB82-55F793BD97B3}.Ad-Hoc|iPhoneSimulator.Build.0 = Release|x86
		{0D3A6898-F41A-4A62-AB82-55F793BD97B3}.Ad-Hoc|iPhoneSimulator.Deploy.0 = Release|x86
		{0D3A6898-F41A-4A62-AB82-55F793BD97B3}.Ad-Hoc|x64.ActiveCfg = Release|x64
		{0D3A6898-F41A-4A62-AB82-55F793BD97B3}.Ad-Hoc|x64.Build.0 = Release|x64
		{0D3A6898-F41A-4A62-AB82-55F793BD97B3}.Ad-Hoc|x64.Deploy.0 = Release|x64
		{0D3A6898-F41A-4A62-AB82-55F793BD97B3}.Ad-Hoc|x86.ActiveCfg = Release|x86
		{0D3A6898-F41A-4A62-AB82-55F793BD97B3}.Ad-Hoc|x86.Build.0 = Release|x86
		{0D3A6898-F41A-4A62-AB82-55F793BD97B3}.Ad-Hoc|x86.Deploy.0 = Release|x86
		{0D3A6898-F41A-4A62-AB82-55F793BD97B3}.AppStore|Any CPU.ActiveCfg = Release|x86
		{0D3A6898-F41A-4A62-AB82-55F793BD97B3}.AppStore|Any CPU.Build.0 = Release|x86
		{0D3A6898-F41A-4A62-AB82-55F793BD97B3}.AppStore|Any CPU.Deploy.0 = Release|x86
		{0D3A6898-F41A-4A62-AB82-55F793BD97B3}.AppStore|ARM.ActiveCfg = Release|ARM
		{0D3A6898-F41A-4A62-AB82-55F793BD97B3}.AppStore|ARM.Build.0 = Release|ARM
		{0D3A6898-F41A-4A62-AB82-55F793BD97B3}.AppStore|ARM.Deploy.0 = Release|ARM
		{0D3A6898-F41A-4A62-AB82-55F793BD97B3}.AppStore|iPhone.ActiveCfg = Release|x86
		{0D3A6898-F41A-4A62-AB82-55F793BD97B3}.AppStore|iPhone.Build.0 = Release|x86
		{0D3A6898-F41A-4A62-AB82-55F793BD97B3}.AppStore|iPhone.Deploy.0 = Release|x86
		{0D3A6898-F41A-4A62-AB82-55F793BD97B3}.AppStore|iPhoneSimulator.ActiveCfg = Release|x86
		{0D3A6898-F41A-4A62-AB82-55F793BD97B3}.AppStore|iPhoneSimulator.Build.0 = Release|x86
		{0D3A6898-F41A-4A62-AB82-55F793BD97B3}.AppStore|iPhoneSimulator.Deploy.0 = Release|x86
		{0D3A6898-F41A-4A62-AB82-55F793BD97B3}.AppStore|x64.ActiveCfg = Release|x64
		{0D3A6898-F41A-4A62-AB82-55F793BD97B3}.AppStore|x64.Build.0 = Release|x64
		{0D3A6898-F41A-4A62-AB82-55F793BD97B3}.AppStore|x64.Deploy.0 = Release|x64
		{0D3A6898-F41A-4A62-AB82-55F793BD97B3}.AppStore|x86.ActiveCfg = Release|x86
		{0D3A6898-F41A-4A62-AB82-55F793BD97B3}.AppStore|x86.Build.0 = Release|x86
		{0D3A6898-F41A-4A62-AB82-55F793BD97B3}.AppStore|x86.Deploy.0 = Release|x86
		{0D3A6898-F41A-4A62-AB82-55F793BD97B3}.Debug|Any CPU.ActiveCfg = Debug|x86
		{0D3A6898-F41A-4A62-AB82-55F793BD97B3}.Debug|ARM.ActiveCfg = Debug|ARM
		{0D3A6898-F41A-4A62-AB82-55F793BD97B3}.Debug|ARM.Build.0 = Debug|ARM
		{0D3A6898-F41A-4A62-AB82-55F793BD97B3}.Debug|ARM.Deploy.0 = Debug|ARM
		{0D3A6898-F41A-4A62-AB82-55F793BD97B3}.Debug|iPhone.ActiveCfg = Debug|x86
		{0D3A6898-F41A-4A62-AB82-55F793BD97B3}.Debug|iPhoneSimulator.ActiveCfg = Debug|x86
		{0D3A6898-F41A-4A62-AB82-55F793BD97B3}.Debug|x64.ActiveCfg = Debug|x64
		{0D3A6898-F41A-4A62-AB82-55F793BD97B3}.Debug|x64.Build.0 = Debug|x64
		{0D3A6898-F41A-4A62-AB82-55F793BD97B3}.Debug|x64.Deploy.0 = Debug|x64
		{0D3A6898-F41A-4A62-AB82-55F793BD97B3}.Debug|x86.ActiveCfg = Debug|x86
		{0D3A6898-F41A-4A62-AB82-55F793BD97B3}.Debug|x86.Build.0 = Debug|x86
		{0D3A6898-F41A-4A62-AB82-55F793BD97B3}.Debug|x86.Deploy.0 = Debug|x86
		{0D3A6898-F41A-4A62-AB82-55F793BD97B3}.Release|Any CPU.ActiveCfg = Release|x86
		{0D3A6898-F41A-4A62-AB82-55F793BD97B3}.Release|ARM.ActiveCfg = Release|ARM
		{0D3A6898-F41A-4A62-AB82-55F793BD97B3}.Release|ARM.Build.0 = Release|ARM
		{0D3A6898-F41A-4A62-AB82-55F793BD97B3}.Release|ARM.Deploy.0 = Release|ARM
		{0D3A6898-F41A-4A62-AB82-55F793BD97B3}.Release|iPhone.ActiveCfg = Release|x86
		{0D3A6898-F41A-4A62-AB82-55F793BD97B3}.Release|iPhoneSimulator.ActiveCfg = Release|x86
		{0D3A6898-F41A-4A62-AB82-55F793BD97B3}.Release|x64.ActiveCfg = Release|x64
		{0D3A6898-F41A-4A62-AB82-55F793BD97B3}.Release|x64.Build.0 = Release|x64
		{0D3A6898-F41A-4A62-AB82-55F793BD97B3}.Release|x64.Deploy.0 = Release|x64
		{0D3A6898-F41A-4A62-AB82-55F793BD97B3}.Release|x86.ActiveCfg = Release|x86
		{0D3A6898-F41A-4A62-AB82-55F793BD97B3}.Release|x86.Build.0 = Release|x86
		{0D3A6898-F41A-4A62-AB82-55F793BD97B3}.Release|x86.Deploy.0 = Release|x86
	EndGlobalSection
	GlobalSection(SolutionProperties) = preSolution
		HideSolutionNode = FALSE
	EndGlobalSection
	GlobalSection(ExtensibilityGlobals) = postSolution
		SolutionGuid = {C66F9A7B-7782-4D67-8821-F71CEC6C7058}
	EndGlobalSection
EndGlobal
